// !$*UTF8*$!
{
	archiveVersion = 1;
	classes = {
	};
	objectVersion = 46;
	objects = {

/* Begin PBXBuildFile section */
		52C3B2371C7CD0BA00F3151C /* AppDelegate.swift in Sources */ = {isa = PBXBuildFile; fileRef = 52C3B2361C7CD0BA00F3151C /* AppDelegate.swift */; };
		52C3B2391C7CD0BA00F3151C /* ViewController.swift in Sources */ = {isa = PBXBuildFile; fileRef = 52C3B2381C7CD0BA00F3151C /* ViewController.swift */; };
		52C3B23C1C7CD0BA00F3151C /* Main.storyboard in Resources */ = {isa = PBXBuildFile; fileRef = 52C3B23A1C7CD0BA00F3151C /* Main.storyboard */; };
		52C3B23E1C7CD0BA00F3151C /* Assets.xcassets in Resources */ = {isa = PBXBuildFile; fileRef = 52C3B23D1C7CD0BA00F3151C /* Assets.xcassets */; };
		52C3B2411C7CD0BA00F3151C /* LaunchScreen.storyboard in Resources */ = {isa = PBXBuildFile; fileRef = 52C3B23F1C7CD0BA00F3151C /* LaunchScreen.storyboard */; };
		52C3B24C1C7CD0BA00F3151C /* DragAndDropTests.swift in Sources */ = {isa = PBXBuildFile; fileRef = 52C3B24B1C7CD0BA00F3151C /* DragAndDropTests.swift */; };
/* End PBXBuildFile section */

/* Begin PBXContainerItemProxy section */
		52C3B2481C7CD0BA00F3151C /* PBXContainerItemProxy */ = {
			isa = PBXContainerItemProxy;
			containerPortal = 52C3B22B1C7CD0BA00F3151C /* Project object */;
			proxyType = 1;
			remoteGlobalIDString = 52C3B2321C7CD0BA00F3151C;
			remoteInfo = DragAndDrop;
		};
/* End PBXContainerItemProxy section */

/* Begin PBXFileReference section */
		52C3B2331C7CD0BA00F3151C /* DragAndDrop.app */ = {isa = PBXFileReference; explicitFileType = wrapper.application; includeInIndex = 0; path = DragAndDrop.app; sourceTree = BUILT_PRODUCTS_DIR; };
		52C3B2361C7CD0BA00F3151C /* AppDelegate.swift */ = {isa = PBXFileReference; lastKnownFileType = sourcecode.swift; path = AppDelegate.swift; sourceTree = "<group>"; };
		52C3B2381C7CD0BA00F3151C /* ViewController.swift */ = {isa = PBXFileReference; lastKnownFileType = sourcecode.swift; path = ViewController.swift; sourceTree = "<group>"; };
		52C3B23B1C7CD0BA00F3151C /* Base */ = {isa = PBXFileReference; lastKnownFileType = file.storyboard; name = Base; path = Base.lproj/Main.storyboard; sourceTree = "<group>"; };
		52C3B23D1C7CD0BA00F3151C /* Assets.xcassets */ = {isa = PBXFileReference; lastKnownFileType = folder.assetcatalog; path = Assets.xcassets; sourceTree = "<group>"; };
		52C3B2401C7CD0BA00F3151C /* Base */ = {isa = PBXFileReference; lastKnownFileType = file.storyboard; name = Base; path = Base.lproj/LaunchScreen.storyboard; sourceTree = "<group>"; };
		52C3B2421C7CD0BA00F3151C /* Info.plist */ = {isa = PBXFileReference; lastKnownFileType = text.plist.xml; path = Info.plist; sourceTree = "<group>"; };
		52C3B2471C7CD0BA00F3151C /* DragAndDropTests.xctest */ = {isa = PBXFileReference; explicitFileType = wrapper.cfbundle; includeInIndex = 0; path = DragAndDropTests.xctest; sourceTree = BUILT_PRODUCTS_DIR; };
		52C3B24B1C7CD0BA00F3151C /* DragAndDropTests.swift */ = {isa = PBXFileReference; lastKnownFileType = sourcecode.swift; path = DragAndDropTests.swift; sourceTree = "<group>"; };
		52C3B24D1C7CD0BA00F3151C /* Info.plist */ = {isa = PBXFileReference; lastKnownFileType = text.plist.xml; path = Info.plist; sourceTree = "<group>"; };
/* End PBXFileReference section */

/* Begin PBXFrameworksBuildPhase section */
		52C3B2301C7CD0BA00F3151C /* Frameworks */ = {
			isa = PBXFrameworksBuildPhase;
			buildActionMask = 2147483647;
			files = (
			);
			runOnlyForDeploymentPostprocessing = 0;
		};
		52C3B2441C7CD0BA00F3151C /* Frameworks */ = {
			isa = PBXFrameworksBuildPhase;
			buildActionMask = 2147483647;
			files = (
			);
			runOnlyForDeploymentPostprocessing = 0;
		};
/* End PBXFrameworksBuildPhase section */

/* Begin PBXGroup section */
		52C3B22A1C7CD0BA00F3151C = {
			isa = PBXGroup;
			children = (
				52C3B2351C7CD0BA00F3151C /* DragAndDrop */,
				52C3B24A1C7CD0BA00F3151C /* DragAndDropTests */,
				52C3B2341C7CD0BA00F3151C /* Products */,
			);
			sourceTree = "<group>";
		};
		52C3B2341C7CD0BA00F3151C /* Products */ = {
			isa = PBXGroup;
			children = (
				52C3B2331C7CD0BA00F3151C /* DragAndDrop.app */,
				52C3B2471C7CD0BA00F3151C /* DragAndDropTests.xctest */,
			);
			name = Products;
			sourceTree = "<group>";
		};
		52C3B2351C7CD0BA00F3151C /* DragAndDrop */ = {
			isa = PBXGroup;
			children = (
				52C3B2361C7CD0BA00F3151C /* AppDelegate.swift */,
				52C3B2381C7CD0BA00F3151C /* ViewController.swift */,
				52C3B23A1C7CD0BA00F3151C /* Main.storyboard */,
				52C3B23D1C7CD0BA00F3151C /* Assets.xcassets */,
				52C3B23F1C7CD0BA00F3151C /* LaunchScreen.storyboard */,
				52C3B2421C7CD0BA00F3151C /* Info.plist */,
			);
			path = DragAndDrop;
			sourceTree = "<group>";
		};
		52C3B24A1C7CD0BA00F3151C /* DragAndDropTests */ = {
			isa = PBXGroup;
			children = (
				52C3B24B1C7CD0BA00F3151C /* DragAndDropTests.swift */,
				52C3B24D1C7CD0BA00F3151C /* Info.plist */,
			);
			path = DragAndDropTests;
			sourceTree = "<group>";
		};
/* End PBXGroup section */

/* Begin PBXNativeTarget section */
		52C3B2321C7CD0BA00F3151C /* DragAndDrop */ = {
			isa = PBXNativeTarget;
			buildConfigurationList = 52C3B2501C7CD0BA00F3151C /* Build configuration list for PBXNativeTarget "DragAndDrop" */;
			buildPhases = (
				52C3B22F1C7CD0BA00F3151C /* Sources */,
				52C3B2301C7CD0BA00F3151C /* Frameworks */,
				52C3B2311C7CD0BA00F3151C /* Resources */,
			);
			buildRules = (
			);
			dependencies = (
			);
			name = DragAndDrop;
			productName = DragAndDrop;
			productReference = 52C3B2331C7CD0BA00F3151C /* DragAndDrop.app */;
			productType = "com.apple.product-type.application";
		};
		52C3B2461C7CD0BA00F3151C /* DragAndDropTests */ = {
			isa = PBXNativeTarget;
			buildConfigurationList = 52C3B2531C7CD0BA00F3151C /* Build configuration list for PBXNativeTarget "DragAndDropTests" */;
			buildPhases = (
				52C3B2431C7CD0BA00F3151C /* Sources */,
				52C3B2441C7CD0BA00F3151C /* Frameworks */,
				52C3B2451C7CD0BA00F3151C /* Resources */,
			);
			buildRules = (
			);
			dependencies = (
				52C3B2491C7CD0BA00F3151C /* PBXTargetDependency */,
			);
			name = DragAndDropTests;
			productName = DragAndDropTests;
			productReference = 52C3B2471C7CD0BA00F3151C /* DragAndDropTests.xctest */;
			productType = "com.apple.product-type.bundle.unit-test";
		};
/* End PBXNativeTarget section */

/* Begin PBXProject section */
		52C3B22B1C7CD0BA00F3151C /* Project object */ = {
			isa = PBXProject;
			attributes = {
				LastSwiftUpdateCheck = 0720;
				LastUpgradeCheck = 0720;
				ORGANIZATIONNAME = SantaClaraiOSConnect;
				TargetAttributes = {
					52C3B2321C7CD0BA00F3151C = {
						CreatedOnToolsVersion = 7.2.1;
					};
					52C3B2461C7CD0BA00F3151C = {
						CreatedOnToolsVersion = 7.2.1;
						TestTargetID = 52C3B2321C7CD0BA00F3151C;
					};
				};
			};
			buildConfigurationList = 52C3B22E1C7CD0BA00F3151C /* Build configuration list for PBXProject "DragAndDrop" */;
			compatibilityVersion = "Xcode 3.2";
			developmentRegion = English;
			hasScannedForEncodings = 0;
			knownRegions = (
				en,
				Base,
			);
			mainGroup = 52C3B22A1C7CD0BA00F3151C;
			productRefGroup = 52C3B2341C7CD0BA00F3151C /* Products */;
			projectDirPath = "";
			projectRoot = "";
			targets = (
				52C3B2321C7CD0BA00F3151C /* DragAndDrop */,
				52C3B2461C7CD0BA00F3151C /* DragAndDropTests */,
			);
		};
/* End PBXProject section */

/* Begin PBXResourcesBuildPhase section */
		52C3B2311C7CD0BA00F3151C /* Resources */ = {
			isa = PBXResourcesBuildPhase;
			buildActionMask = 2147483647;
			files = (
				52C3B2411C7CD0BA00F3151C /* LaunchScreen.storyboard in Resources */,
				52C3B23E1C7CD0BA00F3151C /* Assets.xcassets in Resources */,
				52C3B23C1C7CD0BA00F3151C /* Main.storyboard in Resources */,
			);
			runOnlyForDeploymentPostprocessing = 0;
		};
		52C3B2451C7CD0BA00F3151C /* Resources */ = {
			isa = PBXResourcesBuildPhase;
			buildActionMask = 2147483647;
			files = (
			);
			runOnlyForDeploymentPostprocessing = 0;
		};
/* End PBXResourcesBuildPhase section */

/* Begin PBXSourcesBuildPhase section */
		52C3B22F1C7CD0BA00F3151C /* Sources */ = {
			isa = PBXSourcesBuildPhase;
			buildActionMask = 2147483647;
			files = (
				52C3B2391C7CD0BA00F3151C /* ViewController.swift in Sources */,
				52C3B2371C7CD0BA00F3151C /* AppDelegate.swift in Sources */,
			);
			runOnlyForDeploymentPostprocessing = 0;
		};
		52C3B2431C7CD0BA00F3151C /* Sources */ = {
			isa = PBXSourcesBuildPhase;
			buildActionMask = 2147483647;
			files = (
				52C3B24C1C7CD0BA00F3151C /* DragAndDropTests.swift in Sources */,
			);
			runOnlyForDeploymentPostprocessing = 0;
		};
/* End PBXSourcesBuildPhase section */

/* Begin PBXTargetDependency section */
		52C3B2491C7CD0BA00F3151C /* PBXTargetDependency */ = {
			isa = PBXTargetDependency;
			target = 52C3B2321C7CD0BA00F3151C /* DragAndDrop */;
			targetProxy = 52C3B2481C7CD0BA00F3151C /* PBXContainerItemProxy */;
		};
/* End PBXTargetDependency section */

/* Begin PBXVariantGroup section */
		52C3B23A1C7CD0BA00F3151C /* Main.storyboard */ = {
			isa = PBXVariantGroup;
			children = (
				52C3B23B1C7CD0BA00F3151C /* Base */,
			);
			name = Main.storyboard;
			sourceTree = "<group>";
		};
		52C3B23F1C7CD0BA00F3151C /* LaunchScreen.storyboard */ = {
			isa = PBXVariantGroup;
			children = (
				52C3B2401C7CD0BA00F3151C /* Base */,
			);
			name = LaunchScreen.storyboard;
			sourceTree = "<group>";
		};
/* End PBXVariantGroup section */

/* Begin XCBuildConfiguration section */
		52C3B24E1C7CD0BA00F3151C /* Debug */ = {
			isa = XCBuildConfiguration;
			buildSettings = {
				ALWAYS_SEARCH_USER_PATHS = NO;
				CLANG_CXX_LANGUAGE_STANDARD = "gnu++0x";
				CLANG_CXX_LIBRARY = "libc++";
				CLANG_ENABLE_MODULES = YES;
				CLANG_ENABLE_OBJC_ARC = YES;
				CLANG_WARN_BOOL_CONVERSION = YES;
				CLANG_WARN_CONSTANT_CONVERSION = YES;
				CLANG_WARN_DIRECT_OBJC_ISA_USAGE = YES_ERROR;
				CLANG_WARN_EMPTY_BODY = YES;
				CLANG_WARN_ENUM_CONVERSION = YES;
				CLANG_WARN_INT_CONVERSION = YES;
				CLANG_WARN_OBJC_ROOT_CLASS = YES_ERROR;
				CLANG_WARN_UNREACHABLE_CODE = YES;
				CLANG_WARN__DUPLICATE_METHOD_MATCH = YES;
				"CODE_SIGN_IDENTITY[sdk=iphoneos*]" = "iPhone Developer";
				COPY_PHASE_STRIP = NO;
				DEBUG_INFORMATION_FORMAT = dwarf;
				ENABLE_STRICT_OBJC_MSGSEND = YES;
				ENABLE_TESTABILITY = YES;
				GCC_C_LANGUAGE_STANDARD = gnu99;
				GCC_DYNAMIC_NO_PIC = NO;
				GCC_NO_COMMON_BLOCKS = YES;
				GCC_OPTIMIZATION_LEVEL = 0;
				GCC_PREPROCESSOR_DEFINITIONS = (
					"DEBUG=1",
					"$(inherited)",
				);
				GCC_WARN_64_TO_32_BIT_CONVERSION = YES;
				GCC_WARN_ABOUT_RETURN_TYPE = YES_ERROR;
				GCC_WARN_UNDECLARED_SELECTOR = YES;
				GCC_WARN_UNINITIALIZED_AUTOS = YES_AGGRESSIVE;
				GCC_WARN_UNUSED_FUNCTION = YES;
				GCC_WARN_UNUSED_VARIABLE = YES;
				IPHONEOS_DEPLOYMENT_TARGET = 9.2;
				MTL_ENABLE_DEBUG_INFO = YES;
				ONLY_ACTIVE_ARCH = YES;
				SDKROOT = iphoneos;
				SWIFT_OPTIMIZATION_LEVEL = "-Onone";
				TARGETED_DEVICE_FAMILY = "1,2";
			};
			name = Debug;
		};
		52C3B24F1C7CD0BA00F3151C /* Release */ = {
			isa = XCBuildConfiguration;
			buildSettings = {
				ALWAYS_SEARCH_USER_PATHS = NO;
				CLANG_CXX_LANGUAGE_STANDARD = "gnu++0x";
				CLANG_CXX_LIBRARY = "libc++";
				CLANG_ENABLE_MODULES = YES;
				CLANG_ENABLE_OBJC_ARC = YES;
				CLANG_WARN_BOOL_CONVERSION = YES;
				CLANG_WARN_CONSTANT_CONVERSION = YES;
				CLANG_WARN_DIRECT_OBJC_ISA_USAGE = YES_ERROR;
				CLANG_WARN_EMPTY_BODY = YES;
				CLANG_WARN_ENUM_CONVERSION = YES;
				CLANG_WARN_INT_CONVERSION = YES;
				CLANG_WARN_OBJC_ROOT_CLASS = YES_ERROR;
				CLANG_WARN_UNREACHABLE_CODE = YES;
				CLANG_WARN__DUPLICATE_METHOD_MATCH = YES;
				"CODE_SIGN_IDENTITY[sdk=iphoneos*]" = "iPhone Developer";
				COPY_PHASE_STRIP = NO;
				DEBUG_INFORMATION_FORMAT = "dwarf-with-dsym";
				ENABLE_NS_ASSERTIONS = NO;
				ENABLE_STRICT_OBJC_MSGSEND = YES;
				GCC_C_LANGUAGE_STANDARD = gnu99;
				GCC_NO_COMMON_BLOCKS = YES;
				GCC_WARN_64_TO_32_BIT_CONVERSION = YES;
				GCC_WARN_ABOUT_RETURN_TYPE = YES_ERROR;
				GCC_WARN_UNDECLARED_SELECTOR = YES;
				GCC_WARN_UNINITIALIZED_AUTOS = YES_AGGRESSIVE;
				GCC_WARN_UNUSED_FUNCTION = YES;
				GCC_WARN_UNUSED_VARIABLE = YES;
				IPHONEOS_DEPLOYMENT_TARGET = 9.2;
				MTL_ENABLE_DEBUG_INFO = NO;
				SDKROOT = iphoneos;
				TARGETED_DEVICE_FAMILY = "1,2";
				VALIDATE_PRODUCT = YES;
			};
			name = Release;
		};
		52C3B2511C7CD0BA00F3151C /* Debug */ = {
			isa = XCBuildConfiguration;
			buildSettings = {
				ASSETCATALOG_COMPILER_APPICON_NAME = AppIcon;
				INFOPLIST_FILE = DragAndDrop/Info.plist;
				LD_RUNPATH_SEARCH_PATHS = "$(inherited) @executable_path/Frameworks";
				PRODUCT_BUNDLE_IDENTIFIER = "com.ios-connect.DragAndDrop";
				PRODUCT_NAME = "$(TARGET_NAME)";
			};
			name = Debug;
		};
		52C3B2521C7CD0BA00F3151C /* Release */ = {
			isa = XCBuildConfiguration;
			buildSettings = {
				ASSETCATALOG_COMPILER_APPICON_NAME = AppIcon;
				INFOPLIST_FILE = DragAndDrop/Info.plist;
				LD_RUNPATH_SEARCH_PATHS = "$(inherited) @executable_path/Frameworks";
				PRODUCT_BUNDLE_IDENTIFIER = "com.ios-connect.DragAndDrop";
				PRODUCT_NAME = "$(TARGET_NAME)";
			};
			name = Release;
		};
		52C3B2541C7CD0BA00F3151C /* Debug */ = {
			isa = XCBuildConfiguration;
			buildSettings = {
				BUNDLE_LOADER = "$(TEST_HOST)";
				INFOPLIST_FILE = DragAndDropTests/Info.plist;
				LD_RUNPATH_SEARCH_PATHS = "$(inherited) @executable_path/Frameworks @loader_path/Frameworks";
				PRODUCT_BUNDLE_IDENTIFIER = "com.ios-connect.DragAndDropTests";
				PRODUCT_NAME = "$(TARGET_NAME)";
				TEST_HOST = "$(BUILT_PRODUCTS_DIR)/DragAndDrop.app/DragAndDrop";
			};
			name = Debug;
		};
		52C3B2551C7CD0BA00F3151C /* Release */ = {
			isa = XCBuildConfiguration;
			buildSettings = {
				BUNDLE_LOADER = "$(TEST_HOST)";
				INFOPLIST_FILE = DragAndDropTests/Info.plist;
				LD_RUNPATH_SEARCH_PATHS = "$(inherited) @executable_path/Frameworks @loader_path/Frameworks";
				PRODUCT_BUNDLE_IDENTIFIER = "com.ios-connect.DragAndDropTests";
				PRODUCT_NAME = "$(TARGET_NAME)";
				TEST_HOST = "$(BUILT_PRODUCTS_DIR)/DragAndDrop.app/DragAndDrop";
			};
			name = Release;
		};
/* End XCBuildConfiguration section */

/* Begin XCConfigurationList section */
		52C3B22E1C7CD0BA00F3151C /* Build configuration list for PBXProject "DragAndDrop" */ = {
			isa = XCConfigurationList;
			buildConfigurations = (
				52C3B24E1C7CD0BA00F3151C /* Debug */,
				52C3B24F1C7CD0BA00F3151C /* Release */,
			);
			defaultConfigurationIsVisible = 0;
			defaultConfigurationName = Release;
		};
		52C3B2501C7CD0BA00F3151C /* Build configuration list for PBXNativeTarget "DragAndDrop" */ = {
			isa = XCConfigurationList;
			buildConfigurations = (
				52C3B2511C7CD0BA00F3151C /* Debug */,
				52C3B2521C7CD0BA00F3151C /* Release */,
			);
			defaultConfigurationIsVisible = 0;
		};
		52C3B2531C7CD0BA00F3151C /* Build configuration list for PBXNativeTarget "DragAndDropTests" */ = {
			isa = XCConfigurationList;
			buildConfigurations = (
				52C3B2541C7CD0BA00F3151C /* Debug */,
				52C3B2551C7CD0BA00F3151C /* Release */,
			);
			defaultConfigurationIsVisible = 0;
		};
/* End XCConfigurationList section */
	};
	rootObject = 52C3B22B1C7CD0BA00F3151C /* Project object */;
}
